
Microsoft Visual Studio Solution File, Format Version 12.00
# Visual Studio Version 17
VisualStudioVersion = 17.14.36717.8 d17.14
MinimumVisualStudioVersion = 10.0.40219.1
Project("{FAE04EC0-301F-11D3-BF4B-00C04F79EFBC}") = "Task3", "Task3.csproj", "{6AA93267-6FC7-4114-BA6F-FFD5B7EDA85E}"
EndProject
Global
	GlobalSection(SolutionConfigurationPlatforms) = preSolution
		Debug|Any CPU = Debug|Any CPU
		Release|Any CPU = Release|Any CPU
	EndGlobalSection
	GlobalSection(ProjectConfigurationPlatforms) = postSolution
		{6AA93267-6FC7-4114-BA6F-FFD5B7EDA85E}.Debug|Any CPU.ActiveCfg = Debug|Any CPU
		{6AA93267-6FC7-4114-BA6F-FFD5B7EDA85E}.Debug|Any CPU.Build.0 = Debug|Any CPU
		{6AA93267-6FC7-4114-BA6F-FFD5B7EDA85E}.Release|Any CPU.ActiveCfg = Release|Any CPU
		{6AA93267-6FC7-4114-BA6F-FFD5B7EDA85E}.Release|Any CPU.Build.0 = Release|Any CPU
	EndGlobalSection
	GlobalSection(SolutionProperties) = preSolution
		HideSolutionNode = FALSE
	EndGlobalSection
	GlobalSection(ExtensibilityGlobals) = postSolution
		SolutionGuid = {A4A2EFE6-5720-46F1-ACFD-1C35F4C87420}
	EndGlobalSection
EndGlobal
